
Microsoft Visual Studio Solution File, Format Version 12.00
# Visual Studio Version 16
VisualStudioVersion = 16.0.31005.135
MinimumVisualStudioVersion = 10.0.40219.1
Project("{FAE04EC0-301F-11D3-BF4B-00C04F79EFBC}") = "mission_pack_unpack", "mission_pack_unpack.csproj", "{4A15CE84-845A-467F-93B0-3B6C797E2EC1}"
EndProject
Global
	GlobalSection(SolutionConfigurationPlatforms) = preSolution
		Debug|Any CPU = Debug|Any CPU
		Release|Any CPU = Release|Any CPU
	EndGlobalSection
	GlobalSection(ProjectConfigurationPlatforms) = postSolution
		{4A15CE84-845A-467F-93B0-3B6C797E2EC1}.Debug|Any CPU.ActiveCfg = Debug|Any CPU
		{4A15CE84-845A-467F-93B0-3B6C797E2EC1}.Debug|Any CPU.Build.0 = Debug|Any CPU
		{4A15CE84-845A-467F-93B0-3B6C797E2EC1}.Release|Any CPU.ActiveCfg = Release|Any CPU
		{4A15CE84-845A-467F-93B0-3B6C797E2EC1}.Release|Any CPU.Build.0 = Release|Any CPU
	EndGlobalSection
	GlobalSection(SolutionProperties) = preSolution
		HideSolutionNode = FALSE
	EndGlobalSection
	GlobalSection(ExtensibilityGlobals) = postSolution
		SolutionGuid = {586E0E9D-0818-4C4F-A9CC-BC123E4201D8}
	EndGlobalSection
EndGlobal
